
Microsoft Visual Studio Solution File, Format Version 12.00
Project("{FAE04EC0-301F-11D3-BF4B-00C04F79EFBC}") = "Master", "Master\Master.csproj", "{DCB1375F-746F-4628-8943-A5F59CC27F16}"
EndProject
Project("{FAE04EC0-301F-11D3-BF4B-00C04F79EFBC}") = "Detail", "..\github-actions-example-detail\Detail\Detail.csproj", "{CA8483D6-A30E-48E8-803E-45E27268F32C}"
EndProject
Global
	GlobalSection(SolutionConfigurationPlatforms) = preSolution
		Debug|Any CPU = Debug|Any CPU
		Release|Any CPU = Release|Any CPU
	EndGlobalSection
	GlobalSection(ProjectConfigurationPlatforms) = postSolution
		{DCB1375F-746F-4628-8943-A5F59CC27F16}.Debug|Any CPU.ActiveCfg = Debug|Any CPU
		{DCB1375F-746F-4628-8943-A5F59CC27F16}.Debug|Any CPU.Build.0 = Debug|Any CPU
		{DCB1375F-746F-4628-8943-A5F59CC27F16}.Release|Any CPU.ActiveCfg = Release|Any CPU
		{DCB1375F-746F-4628-8943-A5F59CC27F16}.Release|Any CPU.Build.0 = Release|Any CPU
		{CA8483D6-A30E-48E8-803E-45E27268F32C}.Debug|Any CPU.ActiveCfg = Debug|Any CPU
		{CA8483D6-A30E-48E8-803E-45E27268F32C}.Debug|Any CPU.Build.0 = Debug|Any CPU
		{CA8483D6-A30E-48E8-803E-45E27268F32C}.Release|Any CPU.ActiveCfg = Release|Any CPU
		{CA8483D6-A30E-48E8-803E-45E27268F32C}.Release|Any CPU.Build.0 = Release|Any CPU
	EndGlobalSection
EndGlobal
